
Microsoft Visual Studio Solution File, Format Version 12.00
# Visual Studio Version 17
VisualStudioVersion = 17.1.32421.90
MinimumVisualStudioVersion = 10.0.40219.1
Project("{9A19103F-16F7-4668-BE54-9A1E7A4F7556}") = "Api1", "Api1.csproj", "{2EA39343-8F2C-465B-84F4-856423FFFD70}"
EndProject
Global
	GlobalSection(SolutionConfigurationPlatforms) = preSolution
		Debug|Any CPU = Debug|Any CPU
		Release|Any CPU = Release|Any CPU
	EndGlobalSection
	GlobalSection(ProjectConfigurationPlatforms) = postSolution
		{2EA39343-8F2C-465B-84F4-856423FFFD70}.Debug|Any CPU.ActiveCfg = Debug|Any CPU
		{2EA39343-8F2C-465B-84F4-856423FFFD70}.Debug|Any CPU.Build.0 = Debug|Any CPU
		{2EA39343-8F2C-465B-84F4-856423FFFD70}.Release|Any CPU.ActiveCfg = Release|Any CPU
		{2EA39343-8F2C-465B-84F4-856423FFFD70}.Release|Any CPU.Build.0 = Release|Any CPU
	EndGlobalSection
	GlobalSection(SolutionProperties) = preSolution
		HideSolutionNode = FALSE
	EndGlobalSection
	GlobalSection(ExtensibilityGlobals) = postSolution
		SolutionGuid = {AC9FE772-8148-423E-8363-CB1CD1E0E3F7}
	EndGlobalSection
EndGlobal
